
Microsoft Visual Studio Solution File, Format Version 9.00
# Visual Studio 2005
Project("{8BC9CEB8-8B4A-11D0-8D11-00A0C91BC942}") = "Bow2VizGraph", "Bow2VizGraph.vcproj", "{D9302628-6380-4A43-8D99-93E8712FFB1E}"
EndProject
Global
	GlobalSection(SolutionConfigurationPlatforms) = preSolution
		Debug|Win32 = Debug|Win32
		Release|Win32 = Release|Win32
	EndGlobalSection
	GlobalSection(ProjectConfigurationPlatforms) = postSolution
		{D9302628-6380-4A43-8D99-93E8712FFB1E}.Debug|Win32.ActiveCfg = Debug|Win32
		{D9302628-6380-4A43-8D99-93E8712FFB1E}.Debug|Win32.Build.0 = Debug|Win32
		{D9302628-6380-4A43-8D99-93E8712FFB1E}.Release|Win32.ActiveCfg = Release|Win32
		{D9302628-6380-4A43-8D99-93E8712FFB1E}.Release|Win32.Build.0 = Release|Win32
	EndGlobalSection
	GlobalSection(SolutionProperties) = preSolution
		HideSolutionNode = FALSE
	EndGlobalSection
EndGlobal
