
Microsoft Visual Studio Solution File, Format Version 9.00
# Visual Studio 2005
Project("{8BC9CEB8-8B4A-11D0-8D11-00A0C91BC942}") = "RSet2Bow", "RSet2Bow.vcproj", "{2FA7C7F8-4DF4-42CD-9BEE-A1442D73952C}"
EndProject
Global
	GlobalSection(SolutionConfigurationPlatforms) = preSolution
		Debug|Win32 = Debug|Win32
		Release|Win32 = Release|Win32
	EndGlobalSection
	GlobalSection(ProjectConfigurationPlatforms) = postSolution
		{2FA7C7F8-4DF4-42CD-9BEE-A1442D73952C}.Debug|Win32.ActiveCfg = Debug|Win32
		{2FA7C7F8-4DF4-42CD-9BEE-A1442D73952C}.Debug|Win32.Build.0 = Debug|Win32
		{2FA7C7F8-4DF4-42CD-9BEE-A1442D73952C}.Release|Win32.ActiveCfg = Release|Win32
		{2FA7C7F8-4DF4-42CD-9BEE-A1442D73952C}.Release|Win32.Build.0 = Release|Win32
	EndGlobalSection
	GlobalSection(SolutionProperties) = preSolution
		HideSolutionNode = FALSE
	EndGlobalSection
EndGlobal
