
Microsoft Visual Studio Solution File, Format Version 9.00
# Visual Studio 2005
Project("{8BC9CEB8-8B4A-11D0-8D11-00A0C91BC942}") = "Bow2VizTile", "Bow2VizTile.vcproj", "{618DC37A-7AA8-45D5-A86E-B295A10B8ECA}"
EndProject
Global
	GlobalSection(SolutionConfigurationPlatforms) = preSolution
		Debug|Win32 = Debug|Win32
		Release|Win32 = Release|Win32
	EndGlobalSection
	GlobalSection(ProjectConfigurationPlatforms) = postSolution
		{618DC37A-7AA8-45D5-A86E-B295A10B8ECA}.Debug|Win32.ActiveCfg = Debug|Win32
		{618DC37A-7AA8-45D5-A86E-B295A10B8ECA}.Debug|Win32.Build.0 = Debug|Win32
		{618DC37A-7AA8-45D5-A86E-B295A10B8ECA}.Release|Win32.ActiveCfg = Release|Win32
		{618DC37A-7AA8-45D5-A86E-B295A10B8ECA}.Release|Win32.Build.0 = Release|Win32
	EndGlobalSection
	GlobalSection(SolutionProperties) = preSolution
		HideSolutionNode = FALSE
	EndGlobalSection
EndGlobal
