
Microsoft Visual Studio Solution File, Format Version 9.00
# Visual Studio 2005
Project("{8BC9CEB8-8B4A-11D0-8D11-00A0C91BC942}") = "TGTest", "TGTest.vcproj", "{B459BD81-0F97-4F03-8CA4-41C077D3B4C8}"
EndProject
Global
	GlobalSection(SolutionConfigurationPlatforms) = preSolution
		Debug|Win32 = Debug|Win32
		Release|Win32 = Release|Win32
	EndGlobalSection
	GlobalSection(ProjectConfigurationPlatforms) = postSolution
		{B459BD81-0F97-4F03-8CA4-41C077D3B4C8}.Debug|Win32.ActiveCfg = Debug|Win32
		{B459BD81-0F97-4F03-8CA4-41C077D3B4C8}.Debug|Win32.Build.0 = Debug|Win32
		{B459BD81-0F97-4F03-8CA4-41C077D3B4C8}.Release|Win32.ActiveCfg = Release|Win32
		{B459BD81-0F97-4F03-8CA4-41C077D3B4C8}.Release|Win32.Build.0 = Release|Win32
	EndGlobalSection
	GlobalSection(SolutionProperties) = preSolution
		HideSolutionNode = FALSE
	EndGlobalSection
EndGlobal
