
Microsoft Visual Studio Solution File, Format Version 9.00
# Visual Studio 2005
Project("{8BC9CEB8-8B4A-11D0-8D11-00A0C91BC942}") = "Bow2Keywords", "Bow2Keywords.vcproj", "{637E3DB4-A548-4493-A492-F882F8FFC2CF}"
EndProject
Global
	GlobalSection(SolutionConfigurationPlatforms) = preSolution
		Debug|Win32 = Debug|Win32
		Release|Win32 = Release|Win32
	EndGlobalSection
	GlobalSection(ProjectConfigurationPlatforms) = postSolution
		{637E3DB4-A548-4493-A492-F882F8FFC2CF}.Debug|Win32.ActiveCfg = Debug|Win32
		{637E3DB4-A548-4493-A492-F882F8FFC2CF}.Debug|Win32.Build.0 = Debug|Win32
		{637E3DB4-A548-4493-A492-F882F8FFC2CF}.Release|Win32.ActiveCfg = Release|Win32
		{637E3DB4-A548-4493-A492-F882F8FFC2CF}.Release|Win32.Build.0 = Release|Win32
	EndGlobalSection
	GlobalSection(SolutionProperties) = preSolution
		HideSolutionNode = FALSE
	EndGlobalSection
EndGlobal
