
Microsoft Visual Studio Solution File, Format Version 9.00
# Visual Studio 2005
Project("{8BC9CEB8-8B4A-11D0-8D11-00A0C91BC942}") = "CrawlBs2Graph", "CrawlBs2Graph.vcproj", "{BA976CC1-458F-49A3-93D4-962555F63312}"
EndProject
Global
	GlobalSection(SolutionConfigurationPlatforms) = preSolution
		Debug|Win32 = Debug|Win32
		Release|Win32 = Release|Win32
	EndGlobalSection
	GlobalSection(ProjectConfigurationPlatforms) = postSolution
		{BA976CC1-458F-49A3-93D4-962555F63312}.Debug|Win32.ActiveCfg = Debug|Win32
		{BA976CC1-458F-49A3-93D4-962555F63312}.Debug|Win32.Build.0 = Debug|Win32
		{BA976CC1-458F-49A3-93D4-962555F63312}.Release|Win32.ActiveCfg = Release|Win32
		{BA976CC1-458F-49A3-93D4-962555F63312}.Release|Win32.Build.0 = Release|Win32
	EndGlobalSection
	GlobalSection(SolutionProperties) = preSolution
		HideSolutionNode = FALSE
	EndGlobalSection
EndGlobal
