
Microsoft Visual Studio Solution File, Format Version 10.00
# Visual Studio 2008
Project("{8BC9CEB8-8B4A-11D0-8D11-00A0C91BC942}") = "Bow2Txt", "Bow2Txt.vcproj", "{591DD875-40E0-471E-9FF8-8888901EA273}"
EndProject
Global
	GlobalSection(SolutionConfigurationPlatforms) = preSolution
		Debug|Win32 = Debug|Win32
		Release|Win32 = Release|Win32
	EndGlobalSection
	GlobalSection(ProjectConfigurationPlatforms) = postSolution
		{591DD875-40E0-471E-9FF8-8888901EA273}.Debug|Win32.ActiveCfg = Debug|Win32
		{591DD875-40E0-471E-9FF8-8888901EA273}.Debug|Win32.Build.0 = Debug|Win32
		{591DD875-40E0-471E-9FF8-8888901EA273}.Release|Win32.ActiveCfg = Release|Win32
		{591DD875-40E0-471E-9FF8-8888901EA273}.Release|Win32.Build.0 = Release|Win32
	EndGlobalSection
	GlobalSection(SolutionProperties) = preSolution
		HideSolutionNode = FALSE
	EndGlobalSection
EndGlobal
